
Microsoft Visual Studio Solution File, Format Version 12.00
# Visual Studio Version 17
VisualStudioVersion = 17.3.32929.385
MinimumVisualStudioVersion = 10.0.40219.1
Project("{FAE04EC0-301F-11D3-BF4B-00C04F79EFBC}") = "Softcon_working_Draft_2", "WebApplication1\Softcon_working_Draft_2.csproj", "{3D4E93EB-2302-4796-9227-AB855B2B9EE5}"
EndProject
Global
	GlobalSection(SolutionConfigurationPlatforms) = preSolution
		Debug|Any CPU = Debug|Any CPU
		Release|Any CPU = Release|Any CPU
	EndGlobalSection
	GlobalSection(ProjectConfigurationPlatforms) = postSolution
		{3D4E93EB-2302-4796-9227-AB855B2B9EE5}.Debug|Any CPU.ActiveCfg = Debug|Any CPU
		{3D4E93EB-2302-4796-9227-AB855B2B9EE5}.Debug|Any CPU.Build.0 = Debug|Any CPU
		{3D4E93EB-2302-4796-9227-AB855B2B9EE5}.Release|Any CPU.ActiveCfg = Release|Any CPU
		{3D4E93EB-2302-4796-9227-AB855B2B9EE5}.Release|Any CPU.Build.0 = Release|Any CPU
	EndGlobalSection
	GlobalSection(SolutionProperties) = preSolution
		HideSolutionNode = FALSE
	EndGlobalSection
	GlobalSection(ExtensibilityGlobals) = postSolution
		SolutionGuid = {0ACF2597-8B1A-40FA-AF72-E9F13EA3E02F}
	EndGlobalSection
EndGlobal
